
Microsoft Visual Studio Solution File, Format Version 12.00
# Visual Studio 14
VisualStudioVersion = 14.0.25123.0
MinimumVisualStudioVersion = 10.0.40219.1
Project("{FAE04EC0-301F-11D3-BF4B-00C04F79EFBC}") = "HookTest", "HookTest\HookTest.csproj", "{FDDD0AFB-A157-4C7F-8F6B-F2F6F3DD2DD4}"
EndProject
Project("{FAE04EC0-301F-11D3-BF4B-00C04F79EFBC}") = "HookTestRunner", "HookTestRunner\HookTestRunner.csproj", "{650A7B71-C71B-4E1F-9B7D-611802DF8004}"
EndProject
Project("{2150E333-8FDC-42A3-9474-1A3956D46DE8}") = "TestApp", "TestApp", "{FEF45D62-2D87-4D63-A351-366DA51F2A58}"
EndProject
Project("{2150E333-8FDC-42A3-9474-1A3956D46DE8}") = "Services", "Services", "{64B10788-A6A6-410D-810A-95314B582167}"
EndProject
Project("{FAE04EC0-301F-11D3-BF4B-00C04F79EFBC}") = "RegistryService", "RegistryService\RegistryService.csproj", "{DE4E9AD1-1A3F-45D8-9C6C-61EC452C40C5}"
EndProject
Project("{FAE04EC0-301F-11D3-BF4B-00C04F79EFBC}") = "NetFilterService", "NetFilterService\NetFilterService.csproj", "{2EA1344C-4E40-4431-B1D2-C9B7619B23C3}"
EndProject
Project("{FAE04EC0-301F-11D3-BF4B-00C04F79EFBC}") = "WindowsUpdateControllerService", "WindowsUpdateControllerService\WindowsUpdateControllerService.csproj", "{B00358FD-F292-4ADD-9DC3-710703E75520}"
EndProject
Project("{FAE04EC0-301F-11D3-BF4B-00C04F79EFBC}") = "SimpleSandboxService", "SimpleSandboxService\SimpleSandboxService.csproj", "{2F59F1BE-D3C2-44D1-8279-FF677A96B8CC}"
EndProject
Project("{2150E333-8FDC-42A3-9474-1A3956D46DE8}") = "Process Manager", "Process Manager", "{0CC59293-F387-4850-9939-B3920419095F}"
EndProject
Project("{2150E333-8FDC-42A3-9474-1A3956D46DE8}") = "Shell", "Shell", "{4F5178AD-4D46-42F2-AAD2-7827FD70F8E6}"
EndProject
Project("{FAE04EC0-301F-11D3-BF4B-00C04F79EFBC}") = "HookLibrary", "HookLibrary\HookLibrary.csproj", "{E4516DC0-CC61-4265-A8C9-0DD514104262}"
EndProject
Project("{FAE04EC0-301F-11D3-BF4B-00C04F79EFBC}") = "SimpleSandboxShell", "SimpleSandboxShell\SimpleSandboxShell.csproj", "{883FAD5D-458F-4F04-BE71-FC666BBB92F5}"
EndProject
Global
	GlobalSection(SolutionConfigurationPlatforms) = preSolution
		Debug|Any CPU = Debug|Any CPU
		Debug|x64 = Debug|x64
		Debug|x86 = Debug|x86
		netfx3.5-Debug|Any CPU = netfx3.5-Debug|Any CPU
		netfx3.5-Debug|x64 = netfx3.5-Debug|x64
		netfx3.5-Debug|x86 = netfx3.5-Debug|x86
		netfx3.5-Release|Any CPU = netfx3.5-Release|Any CPU
		netfx3.5-Release|x64 = netfx3.5-Release|x64
		netfx3.5-Release|x86 = netfx3.5-Release|x86
		netfx4-Debug|Any CPU = netfx4-Debug|Any CPU
		netfx4-Debug|x64 = netfx4-Debug|x64
		netfx4-Debug|x86 = netfx4-Debug|x86
		netfx4-Release|Any CPU = netfx4-Release|Any CPU
		netfx4-Release|x64 = netfx4-Release|x64
		netfx4-Release|x86 = netfx4-Release|x86
		Release|Any CPU = Release|Any CPU
		Release|x64 = Release|x64
		Release|x86 = Release|x86
		TestHook|Any CPU = TestHook|Any CPU
		TestHook|x64 = TestHook|x64
		TestHook|x86 = TestHook|x86
		Win7 Debug|Any CPU = Win7 Debug|Any CPU
		Win7 Debug|x64 = Win7 Debug|x64
		Win7 Debug|x86 = Win7 Debug|x86
		Win7 Release|Any CPU = Win7 Release|Any CPU
		Win7 Release|x64 = Win7 Release|x64
		Win7 Release|x86 = Win7 Release|x86
		Win8 Debug|Any CPU = Win8 Debug|Any CPU
		Win8 Debug|x64 = Win8 Debug|x64
		Win8 Debug|x86 = Win8 Debug|x86
		Win8 Release|Any CPU = Win8 Release|Any CPU
		Win8 Release|x64 = Win8 Release|x64
		Win8 Release|x86 = Win8 Release|x86
		Win8.1 Debug|Any CPU = Win8.1 Debug|Any CPU
		Win8.1 Debug|x64 = Win8.1 Debug|x64
		Win8.1 Debug|x86 = Win8.1 Debug|x86
		Win8.1 Release|Any CPU = Win8.1 Release|Any CPU
		Win8.1 Release|x64 = Win8.1 Release|x64
		Win8.1 Release|x86 = Win8.1 Release|x86
	EndGlobalSection
	GlobalSection(ProjectConfigurationPlatforms) = postSolution
		{FDDD0AFB-A157-4C7F-8F6B-F2F6F3DD2DD4}.Debug|Any CPU.ActiveCfg = Debug|Any CPU
		{FDDD0AFB-A157-4C7F-8F6B-F2F6F3DD2DD4}.Debug|x64.ActiveCfg = Debug|Any CPU
		{FDDD0AFB-A157-4C7F-8F6B-F2F6F3DD2DD4}.Debug|x64.Build.0 = Debug|Any CPU
		{FDDD0AFB-A157-4C7F-8F6B-F2F6F3DD2DD4}.Debug|x86.ActiveCfg = Debug|Any CPU
		{FDDD0AFB-A157-4C7F-8F6B-F2F6F3DD2DD4}.Debug|x86.Build.0 = Debug|Any CPU
		{FDDD0AFB-A157-4C7F-8F6B-F2F6F3DD2DD4}.netfx3.5-Debug|Any CPU.ActiveCfg = Debug|Any CPU
		{FDDD0AFB-A157-4C7F-8F6B-F2F6F3DD2DD4}.netfx3.5-Debug|Any CPU.Build.0 = Debug|Any CPU
		{FDDD0AFB-A157-4C7F-8F6B-F2F6F3DD2DD4}.netfx3.5-Debug|x64.ActiveCfg = Debug|Any CPU
		{FDDD0AFB-A157-4C7F-8F6B-F2F6F3DD2DD4}.netfx3.5-Debug|x64.Build.0 = Debug|Any CPU
		{FDDD0AFB-A157-4C7F-8F6B-F2F6F3DD2DD4}.netfx3.5-Debug|x86.ActiveCfg = Debug|Any CPU
		{FDDD0AFB-A157-4C7F-8F6B-F2F6F3DD2DD4}.netfx3.5-Debug|x86.Build.0 = Debug|Any CPU
		{FDDD0AFB-A157-4C7F-8F6B-F2F6F3DD2DD4}.netfx3.5-Release|Any CPU.ActiveCfg = Release|Any CPU
		{FDDD0AFB-A157-4C7F-8F6B-F2F6F3DD2DD4}.netfx3.5-Release|Any CPU.Build.0 = Release|Any CPU
		{FDDD0AFB-A157-4C7F-8F6B-F2F6F3DD2DD4}.netfx3.5-Release|x64.ActiveCfg = Release|Any CPU
		{FDDD0AFB-A157-4C7F-8F6B-F2F6F3DD2DD4}.netfx3.5-Release|x64.Build.0 = Release|Any CPU
		{FDDD0AFB-A157-4C7F-8F6B-F2F6F3DD2DD4}.netfx3.5-Release|x86.ActiveCfg = Release|Any CPU
		{FDDD0AFB-A157-4C7F-8F6B-F2F6F3DD2DD4}.netfx3.5-Release|x86.Build.0 = Release|Any CPU
		{FDDD0AFB-A157-4C7F-8F6B-F2F6F3DD2DD4}.netfx4-Debug|Any CPU.ActiveCfg = Debug|Any CPU
		{FDDD0AFB-A157-4C7F-8F6B-F2F6F3DD2DD4}.netfx4-Debug|Any CPU.Build.0 = Debug|Any CPU
		{FDDD0AFB-A157-4C7F-8F6B-F2F6F3DD2DD4}.netfx4-Debug|x64.ActiveCfg = Debug|Any CPU
		{FDDD0AFB-A157-4C7F-8F6B-F2F6F3DD2DD4}.netfx4-Debug|x64.Build.0 = Debug|Any CPU
		{FDDD0AFB-A157-4C7F-8F6B-F2F6F3DD2DD4}.netfx4-Debug|x86.ActiveCfg = Debug|Any CPU
		{FDDD0AFB-A157-4C7F-8F6B-F2F6F3DD2DD4}.netfx4-Debug|x86.Build.0 = Debug|Any CPU
		{FDDD0AFB-A157-4C7F-8F6B-F2F6F3DD2DD4}.netfx4-Release|Any CPU.ActiveCfg = Release|Any CPU
		{FDDD0AFB-A157-4C7F-8F6B-F2F6F3DD2DD4}.netfx4-Release|Any CPU.Build.0 = Release|Any CPU
		{FDDD0AFB-A157-4C7F-8F6B-F2F6F3DD2DD4}.netfx4-Release|x64.ActiveCfg = Release|Any CPU
		{FDDD0AFB-A157-4C7F-8F6B-F2F6F3DD2DD4}.netfx4-Release|x64.Build.0 = Release|Any CPU
		{FDDD0AFB-A157-4C7F-8F6B-F2F6F3DD2DD4}.netfx4-Release|x86.ActiveCfg = Release|Any CPU
		{FDDD0AFB-A157-4C7F-8F6B-F2F6F3DD2DD4}.netfx4-Release|x86.Build.0 = Release|Any CPU
		{FDDD0AFB-A157-4C7F-8F6B-F2F6F3DD2DD4}.Release|Any CPU.ActiveCfg = Release|Any CPU
		{FDDD0AFB-A157-4C7F-8F6B-F2F6F3DD2DD4}.Release|Any CPU.Build.0 = Release|Any CPU
		{FDDD0AFB-A157-4C7F-8F6B-F2F6F3DD2DD4}.Release|x64.ActiveCfg = Release|Any CPU
		{FDDD0AFB-A157-4C7F-8F6B-F2F6F3DD2DD4}.Release|x64.Build.0 = Release|Any CPU
		{FDDD0AFB-A157-4C7F-8F6B-F2F6F3DD2DD4}.Release|x86.ActiveCfg = Release|Any CPU
		{FDDD0AFB-A157-4C7F-8F6B-F2F6F3DD2DD4}.Release|x86.Build.0 = Release|Any CPU
		{FDDD0AFB-A157-4C7F-8F6B-F2F6F3DD2DD4}.TestHook|Any CPU.ActiveCfg = TestHook|Any CPU
		{FDDD0AFB-A157-4C7F-8F6B-F2F6F3DD2DD4}.TestHook|Any CPU.Build.0 = TestHook|Any CPU
		{FDDD0AFB-A157-4C7F-8F6B-F2F6F3DD2DD4}.TestHook|x64.ActiveCfg = TestHook|Any CPU
		{FDDD0AFB-A157-4C7F-8F6B-F2F6F3DD2DD4}.TestHook|x64.Build.0 = TestHook|Any CPU
		{FDDD0AFB-A157-4C7F-8F6B-F2F6F3DD2DD4}.TestHook|x86.ActiveCfg = TestHook|Any CPU
		{FDDD0AFB-A157-4C7F-8F6B-F2F6F3DD2DD4}.TestHook|x86.Build.0 = TestHook|Any CPU
		{FDDD0AFB-A157-4C7F-8F6B-F2F6F3DD2DD4}.Win7 Debug|Any CPU.ActiveCfg = Debug|Any CPU
		{FDDD0AFB-A157-4C7F-8F6B-F2F6F3DD2DD4}.Win7 Debug|Any CPU.Build.0 = Debug|Any CPU
		{FDDD0AFB-A157-4C7F-8F6B-F2F6F3DD2DD4}.Win7 Debug|x64.ActiveCfg = Debug|Any CPU
		{FDDD0AFB-A157-4C7F-8F6B-F2F6F3DD2DD4}.Win7 Debug|x64.Build.0 = Debug|Any CPU
		{FDDD0AFB-A157-4C7F-8F6B-F2F6F3DD2DD4}.Win7 Debug|x86.ActiveCfg = Debug|Any CPU
		{FDDD0AFB-A157-4C7F-8F6B-F2F6F3DD2DD4}.Win7 Debug|x86.Build.0 = Debug|Any CPU
		{FDDD0AFB-A157-4C7F-8F6B-F2F6F3DD2DD4}.Win7 Release|Any CPU.ActiveCfg = Release|Any CPU
		{FDDD0AFB-A157-4C7F-8F6B-F2F6F3DD2DD4}.Win7 Release|Any CPU.Build.0 = Release|Any CPU
		{FDDD0AFB-A157-4C7F-8F6B-F2F6F3DD2DD4}.Win7 Release|x64.ActiveCfg = Release|Any CPU
		{FDDD0AFB-A157-4C7F-8F6B-F2F6F3DD2DD4}.Win7 Release|x64.Build.0 = Release|Any CPU
		{FDDD0AFB-A157-4C7F-8F6B-F2F6F3DD2DD4}.Win7 Release|x86.ActiveCfg = Release|Any CPU
		{FDDD0AFB-A157-4C7F-8F6B-F2F6F3DD2DD4}.Win7 Release|x86.Build.0 = Release|Any CPU
		{FDDD0AFB-A157-4C7F-8F6B-F2F6F3DD2DD4}.Win8 Debug|Any CPU.ActiveCfg = Debug|Any CPU
		{FDDD0AFB-A157-4C7F-8F6B-F2F6F3DD2DD4}.Win8 Debug|Any CPU.Build.0 = Debug|Any CPU
		{FDDD0AFB-A157-4C7F-8F6B-F2F6F3DD2DD4}.Win8 Debug|x64.ActiveCfg = Debug|Any CPU
		{FDDD0AFB-A157-4C7F-8F6B-F2F6F3DD2DD4}.Win8 Debug|x64.Build.0 = Debug|Any CPU
		{FDDD0AFB-A157-4C7F-8F6B-F2F6F3DD2DD4}.Win8 Debug|x86.ActiveCfg = Debug|Any CPU
		{FDDD0AFB-A157-4C7F-8F6B-F2F6F3DD2DD4}.Win8 Debug|x86.Build.0 = Debug|Any CPU
		{FDDD0AFB-A157-4C7F-8F6B-F2F6F3DD2DD4}.Win8 Release|Any CPU.ActiveCfg = Release|Any CPU
		{FDDD0AFB-A157-4C7F-8F6B-F2F6F3DD2DD4}.Win8 Release|Any CPU.Build.0 = Release|Any CPU
		{FDDD0AFB-A157-4C7F-8F6B-F2F6F3DD2DD4}.Win8 Release|x64.ActiveCfg = Release|Any CPU
		{FDDD0AFB-A157-4C7F-8F6B-F2F6F3DD2DD4}.Win8 Release|x64.Build.0 = Release|Any CPU
		{FDDD0AFB-A157-4C7F-8F6B-F2F6F3DD2DD4}.Win8 Release|x86.ActiveCfg = Release|Any CPU
		{FDDD0AFB-A157-4C7F-8F6B-F2F6F3DD2DD4}.Win8 Release|x86.Build.0 = Release|Any CPU
		{FDDD0AFB-A157-4C7F-8F6B-F2F6F3DD2DD4}.Win8.1 Debug|Any CPU.ActiveCfg = Debug|Any CPU
		{FDDD0AFB-A157-4C7F-8F6B-F2F6F3DD2DD4}.Win8.1 Debug|Any CPU.Build.0 = Debug|Any CPU
		{FDDD0AFB-A157-4C7F-8F6B-F2F6F3DD2DD4}.Win8.1 Debug|x64.ActiveCfg = Debug|Any CPU
		{FDDD0AFB-A157-4C7F-8F6B-F2F6F3DD2DD4}.Win8.1 Debug|x64.Build.0 = Debug|Any CPU
		{FDDD0AFB-A157-4C7F-8F6B-F2F6F3DD2DD4}.Win8.1 Debug|x86.ActiveCfg = Debug|Any CPU
		{FDDD0AFB-A157-4C7F-8F6B-F2F6F3DD2DD4}.Win8.1 Debug|x86.Build.0 = Debug|Any CPU
		{FDDD0AFB-A157-4C7F-8F6B-F2F6F3DD2DD4}.Win8.1 Release|Any CPU.ActiveCfg = Release|Any CPU
		{FDDD0AFB-A157-4C7F-8F6B-F2F6F3DD2DD4}.Win8.1 Release|Any CPU.Build.0 = Release|Any CPU
		{FDDD0AFB-A157-4C7F-8F6B-F2F6F3DD2DD4}.Win8.1 Release|x64.ActiveCfg = Release|Any CPU
		{FDDD0AFB-A157-4C7F-8F6B-F2F6F3DD2DD4}.Win8.1 Release|x64.Build.0 = Release|Any CPU
		{FDDD0AFB-A157-4C7F-8F6B-F2F6F3DD2DD4}.Win8.1 Release|x86.ActiveCfg = Release|Any CPU
		{FDDD0AFB-A157-4C7F-8F6B-F2F6F3DD2DD4}.Win8.1 Release|x86.Build.0 = Release|Any CPU
		{650A7B71-C71B-4E1F-9B7D-611802DF8004}.Debug|Any CPU.ActiveCfg = Debug|Any CPU
		{650A7B71-C71B-4E1F-9B7D-611802DF8004}.Debug|x64.ActiveCfg = Debug|Any CPU
		{650A7B71-C71B-4E1F-9B7D-611802DF8004}.Debug|x64.Build.0 = Debug|Any CPU
		{650A7B71-C71B-4E1F-9B7D-611802DF8004}.Debug|x86.ActiveCfg = Debug|Any CPU
		{650A7B71-C71B-4E1F-9B7D-611802DF8004}.Debug|x86.Build.0 = Debug|Any CPU
		{650A7B71-C71B-4E1F-9B7D-611802DF8004}.netfx3.5-Debug|Any CPU.ActiveCfg = Debug|Any CPU
		{650A7B71-C71B-4E1F-9B7D-611802DF8004}.netfx3.5-Debug|Any CPU.Build.0 = Debug|Any CPU
		{650A7B71-C71B-4E1F-9B7D-611802DF8004}.netfx3.5-Debug|x64.ActiveCfg = Debug|Any CPU
		{650A7B71-C71B-4E1F-9B7D-611802DF8004}.netfx3.5-Debug|x64.Build.0 = Debug|Any CPU
		{650A7B71-C71B-4E1F-9B7D-611802DF8004}.netfx3.5-Debug|x86.ActiveCfg = Debug|Any CPU
		{650A7B71-C71B-4E1F-9B7D-611802DF8004}.netfx3.5-Debug|x86.Build.0 = Debug|Any CPU
		{650A7B71-C71B-4E1F-9B7D-611802DF8004}.netfx3.5-Release|Any CPU.ActiveCfg = Release|Any CPU
		{650A7B71-C71B-4E1F-9B7D-611802DF8004}.netfx3.5-Release|Any CPU.Build.0 = Release|Any CPU
		{650A7B71-C71B-4E1F-9B7D-611802DF8004}.netfx3.5-Release|x64.ActiveCfg = Release|Any CPU
		{650A7B71-C71B-4E1F-9B7D-611802DF8004}.netfx3.5-Release|x64.Build.0 = Release|Any CPU
		{650A7B71-C71B-4E1F-9B7D-611802DF8004}.netfx3.5-Release|x86.ActiveCfg = Release|Any CPU
		{650A7B71-C71B-4E1F-9B7D-611802DF8004}.netfx3.5-Release|x86.Build.0 = Release|Any CPU
		{650A7B71-C71B-4E1F-9B7D-611802DF8004}.netfx4-Debug|Any CPU.ActiveCfg = Debug|Any CPU
		{650A7B71-C71B-4E1F-9B7D-611802DF8004}.netfx4-Debug|Any CPU.Build.0 = Debug|Any CPU
		{650A7B71-C71B-4E1F-9B7D-611802DF8004}.netfx4-Debug|x64.ActiveCfg = Debug|Any CPU
		{650A7B71-C71B-4E1F-9B7D-611802DF8004}.netfx4-Debug|x64.Build.0 = Debug|Any CPU
		{650A7B71-C71B-4E1F-9B7D-611802DF8004}.netfx4-Debug|x86.ActiveCfg = Debug|Any CPU
		{650A7B71-C71B-4E1F-9B7D-611802DF8004}.netfx4-Debug|x86.Build.0 = Debug|Any CPU
		{650A7B71-C71B-4E1F-9B7D-611802DF8004}.netfx4-Release|Any CPU.ActiveCfg = Release|Any CPU
		{650A7B71-C71B-4E1F-9B7D-611802DF8004}.netfx4-Release|Any CPU.Build.0 = Release|Any CPU
		{650A7B71-C71B-4E1F-9B7D-611802DF8004}.netfx4-Release|x64.ActiveCfg = Release|Any CPU
		{650A7B71-C71B-4E1F-9B7D-611802DF8004}.netfx4-Release|x64.Build.0 = Release|Any CPU
		{650A7B71-C71B-4E1F-9B7D-611802DF8004}.netfx4-Release|x86.ActiveCfg = Release|Any CPU
		{650A7B71-C71B-4E1F-9B7D-611802DF8004}.netfx4-Release|x86.Build.0 = Release|Any CPU
		{650A7B71-C71B-4E1F-9B7D-611802DF8004}.Release|Any CPU.ActiveCfg = Release|Any CPU
		{650A7B71-C71B-4E1F-9B7D-611802DF8004}.Release|Any CPU.Build.0 = Release|Any CPU
		{650A7B71-C71B-4E1F-9B7D-611802DF8004}.Release|x64.ActiveCfg = Release|Any CPU
		{650A7B71-C71B-4E1F-9B7D-611802DF8004}.Release|x64.Build.0 = Release|Any CPU
		{650A7B71-C71B-4E1F-9B7D-611802DF8004}.Release|x86.ActiveCfg = Release|Any CPU
		{650A7B71-C71B-4E1F-9B7D-611802DF8004}.Release|x86.Build.0 = Release|Any CPU
		{650A7B71-C71B-4E1F-9B7D-611802DF8004}.TestHook|Any CPU.ActiveCfg = TestHook|Any CPU
		{650A7B71-C71B-4E1F-9B7D-611802DF8004}.TestHook|Any CPU.Build.0 = TestHook|Any CPU
		{650A7B71-C71B-4E1F-9B7D-611802DF8004}.TestHook|x64.ActiveCfg = TestHook|Any CPU
		{650A7B71-C71B-4E1F-9B7D-611802DF8004}.TestHook|x64.Build.0 = TestHook|Any CPU
		{650A7B71-C71B-4E1F-9B7D-611802DF8004}.TestHook|x86.ActiveCfg = TestHook|Any CPU
		{650A7B71-C71B-4E1F-9B7D-611802DF8004}.TestHook|x86.Build.0 = TestHook|Any CPU
		{650A7B71-C71B-4E1F-9B7D-611802DF8004}.Win7 Debug|Any CPU.ActiveCfg = Debug|Any CPU
		{650A7B71-C71B-4E1F-9B7D-611802DF8004}.Win7 Debug|Any CPU.Build.0 = Debug|Any CPU
		{650A7B71-C71B-4E1F-9B7D-611802DF8004}.Win7 Debug|x64.ActiveCfg = Debug|Any CPU
		{650A7B71-C71B-4E1F-9B7D-611802DF8004}.Win7 Debug|x64.Build.0 = Debug|Any CPU
		{650A7B71-C71B-4E1F-9B7D-611802DF8004}.Win7 Debug|x86.ActiveCfg = Debug|Any CPU
		{650A7B71-C71B-4E1F-9B7D-611802DF8004}.Win7 Debug|x86.Build.0 = Debug|Any CPU
		{650A7B71-C71B-4E1F-9B7D-611802DF8004}.Win7 Release|Any CPU.ActiveCfg = Release|Any CPU
		{650A7B71-C71B-4E1F-9B7D-611802DF8004}.Win7 Release|Any CPU.Build.0 = Release|Any CPU
		{650A7B71-C71B-4E1F-9B7D-611802DF8004}.Win7 Release|x64.ActiveCfg = Release|Any CPU
		{650A7B71-C71B-4E1F-9B7D-611802DF8004}.Win7 Release|x64.Build.0 = Release|Any CPU
		{650A7B71-C71B-4E1F-9B7D-611802DF8004}.Win7 Release|x86.ActiveCfg = Release|Any CPU
		{650A7B71-C71B-4E1F-9B7D-611802DF8004}.Win7 Release|x86.Build.0 = Release|Any CPU
		{650A7B71-C71B-4E1F-9B7D-611802DF8004}.Win8 Debug|Any CPU.ActiveCfg = Debug|Any CPU
		{650A7B71-C71B-4E1F-9B7D-611802DF8004}.Win8 Debug|Any CPU.Build.0 = Debug|Any CPU
		{650A7B71-C71B-4E1F-9B7D-611802DF8004}.Win8 Debug|x64.ActiveCfg = Debug|Any CPU
		{650A7B71-C71B-4E1F-9B7D-611802DF8004}.Win8 Debug|x64.Build.0 = Debug|Any CPU
		{650A7B71-C71B-4E1F-9B7D-611802DF8004}.Win8 Debug|x86.ActiveCfg = Debug|Any CPU
		{650A7B71-C71B-4E1F-9B7D-611802DF8004}.Win8 Debug|x86.Build.0 = Debug|Any CPU
		{650A7B71-C71B-4E1F-9B7D-611802DF8004}.Win8 Release|Any CPU.ActiveCfg = Release|Any CPU
		{650A7B71-C71B-4E1F-9B7D-611802DF8004}.Win8 Release|Any CPU.Build.0 = Release|Any CPU
		{650A7B71-C71B-4E1F-9B7D-611802DF8004}.Win8 Release|x64.ActiveCfg = Release|Any CPU
		{650A7B71-C71B-4E1F-9B7D-611802DF8004}.Win8 Release|x64.Build.0 = Release|Any CPU
		{650A7B71-C71B-4E1F-9B7D-611802DF8004}.Win8 Release|x86.ActiveCfg = Release|Any CPU
		{650A7B71-C71B-4E1F-9B7D-611802DF8004}.Win8 Release|x86.Build.0 = Release|Any CPU
		{650A7B71-C71B-4E1F-9B7D-611802DF8004}.Win8.1 Debug|Any CPU.ActiveCfg = Debug|Any CPU
		{650A7B71-C71B-4E1F-9B7D-611802DF8004}.Win8.1 Debug|Any CPU.Build.0 = Debug|Any CPU
		{650A7B71-C71B-4E1F-9B7D-611802DF8004}.Win8.1 Debug|x64.ActiveCfg = Debug|Any CPU
		{650A7B71-C71B-4E1F-9B7D-611802DF8004}.Win8.1 Debug|x64.Build.0 = Debug|Any CPU
		{650A7B71-C71B-4E1F-9B7D-611802DF8004}.Win8.1 Debug|x86.ActiveCfg = Debug|Any CPU
		{650A7B71-C71B-4E1F-9B7D-611802DF8004}.Win8.1 Debug|x86.Build.0 = Debug|Any CPU
		{650A7B71-C71B-4E1F-9B7D-611802DF8004}.Win8.1 Release|Any CPU.ActiveCfg = Release|Any CPU
		{650A7B71-C71B-4E1F-9B7D-611802DF8004}.Win8.1 Release|Any CPU.Build.0 = Release|Any CPU
		{650A7B71-C71B-4E1F-9B7D-611802DF8004}.Win8.1 Release|x64.ActiveCfg = Release|Any CPU
		{650A7B71-C71B-4E1F-9B7D-611802DF8004}.Win8.1 Release|x64.Build.0 = Release|Any CPU
		{650A7B71-C71B-4E1F-9B7D-611802DF8004}.Win8.1 Release|x86.ActiveCfg = Release|Any CPU
		{650A7B71-C71B-4E1F-9B7D-611802DF8004}.Win8.1 Release|x86.Build.0 = Release|Any CPU
		{DE4E9AD1-1A3F-45D8-9C6C-61EC452C40C5}.Debug|Any CPU.ActiveCfg = Debug|Any CPU
		{DE4E9AD1-1A3F-45D8-9C6C-61EC452C40C5}.Debug|Any CPU.Build.0 = Debug|Any CPU
		{DE4E9AD1-1A3F-45D8-9C6C-61EC452C40C5}.Debug|x64.ActiveCfg = Debug|Any CPU
		{DE4E9AD1-1A3F-45D8-9C6C-61EC452C40C5}.Debug|x64.Build.0 = Debug|Any CPU
		{DE4E9AD1-1A3F-45D8-9C6C-61EC452C40C5}.Debug|x86.ActiveCfg = Debug|Any CPU
		{DE4E9AD1-1A3F-45D8-9C6C-61EC452C40C5}.Debug|x86.Build.0 = Debug|Any CPU
		{DE4E9AD1-1A3F-45D8-9C6C-61EC452C40C5}.netfx3.5-Debug|Any CPU.ActiveCfg = Debug|Any CPU
		{DE4E9AD1-1A3F-45D8-9C6C-61EC452C40C5}.netfx3.5-Debug|Any CPU.Build.0 = Debug|Any CPU
		{DE4E9AD1-1A3F-45D8-9C6C-61EC452C40C5}.netfx3.5-Debug|x64.ActiveCfg = Debug|Any CPU
		{DE4E9AD1-1A3F-45D8-9C6C-61EC452C40C5}.netfx3.5-Debug|x64.Build.0 = Debug|Any CPU
		{DE4E9AD1-1A3F-45D8-9C6C-61EC452C40C5}.netfx3.5-Debug|x86.ActiveCfg = Debug|Any CPU
		{DE4E9AD1-1A3F-45D8-9C6C-61EC452C40C5}.netfx3.5-Debug|x86.Build.0 = Debug|Any CPU
		{DE4E9AD1-1A3F-45D8-9C6C-61EC452C40C5}.netfx3.5-Release|Any CPU.ActiveCfg = Release|Any CPU
		{DE4E9AD1-1A3F-45D8-9C6C-61EC452C40C5}.netfx3.5-Release|Any CPU.Build.0 = Release|Any CPU
		{DE4E9AD1-1A3F-45D8-9C6C-61EC452C40C5}.netfx3.5-Release|x64.ActiveCfg = Release|Any CPU
		{DE4E9AD1-1A3F-45D8-9C6C-61EC452C40C5}.netfx3.5-Release|x64.Build.0 = Release|Any CPU
		{DE4E9AD1-1A3F-45D8-9C6C-61EC452C40C5}.netfx3.5-Release|x86.ActiveCfg = Release|Any CPU
		{DE4E9AD1-1A3F-45D8-9C6C-61EC452C40C5}.netfx3.5-Release|x86.Build.0 = Release|Any CPU
		{DE4E9AD1-1A3F-45D8-9C6C-61EC452C40C5}.netfx4-Debug|Any CPU.ActiveCfg = Debug|Any CPU
		{DE4E9AD1-1A3F-45D8-9C6C-61EC452C40C5}.netfx4-Debug|Any CPU.Build.0 = Debug|Any CPU
		{DE4E9AD1-1A3F-45D8-9C6C-61EC452C40C5}.netfx4-Debug|x64.ActiveCfg = Debug|Any CPU
		{DE4E9AD1-1A3F-45D8-9C6C-61EC452C40C5}.netfx4-Debug|x64.Build.0 = Debug|Any CPU
		{DE4E9AD1-1A3F-45D8-9C6C-61EC452C40C5}.netfx4-Debug|x86.ActiveCfg = Debug|Any CPU
		{DE4E9AD1-1A3F-45D8-9C6C-61EC452C40C5}.netfx4-Debug|x86.Build.0 = Debug|Any CPU
		{DE4E9AD1-1A3F-45D8-9C6C-61EC452C40C5}.netfx4-Release|Any CPU.ActiveCfg = Release|Any CPU
		{DE4E9AD1-1A3F-45D8-9C6C-61EC452C40C5}.netfx4-Release|Any CPU.Build.0 = Release|Any CPU
		{DE4E9AD1-1A3F-45D8-9C6C-61EC452C40C5}.netfx4-Release|x64.ActiveCfg = Release|Any CPU
		{DE4E9AD1-1A3F-45D8-9C6C-61EC452C40C5}.netfx4-Release|x64.Build.0 = Release|Any CPU
		{DE4E9AD1-1A3F-45D8-9C6C-61EC452C40C5}.netfx4-Release|x86.ActiveCfg = Release|Any CPU
		{DE4E9AD1-1A3F-45D8-9C6C-61EC452C40C5}.netfx4-Release|x86.Build.0 = Release|Any CPU
		{DE4E9AD1-1A3F-45D8-9C6C-61EC452C40C5}.Release|Any CPU.ActiveCfg = Release|Any CPU
		{DE4E9AD1-1A3F-45D8-9C6C-61EC452C40C5}.Release|Any CPU.Build.0 = Release|Any CPU
		{DE4E9AD1-1A3F-45D8-9C6C-61EC452C40C5}.Release|x64.ActiveCfg = Release|Any CPU
		{DE4E9AD1-1A3F-45D8-9C6C-61EC452C40C5}.Release|x64.Build.0 = Release|Any CPU
		{DE4E9AD1-1A3F-45D8-9C6C-61EC452C40C5}.Release|x86.ActiveCfg = Release|Any CPU
		{DE4E9AD1-1A3F-45D8-9C6C-61EC452C40C5}.Release|x86.Build.0 = Release|Any CPU
		{DE4E9AD1-1A3F-45D8-9C6C-61EC452C40C5}.TestHook|Any CPU.ActiveCfg = Release|Any CPU
		{DE4E9AD1-1A3F-45D8-9C6C-61EC452C40C5}.TestHook|Any CPU.Build.0 = Release|Any CPU
		{DE4E9AD1-1A3F-45D8-9C6C-61EC452C40C5}.TestHook|x64.ActiveCfg = Release|Any CPU
		{DE4E9AD1-1A3F-45D8-9C6C-61EC452C40C5}.TestHook|x64.Build.0 = Release|Any CPU
		{DE4E9AD1-1A3F-45D8-9C6C-61EC452C40C5}.TestHook|x86.ActiveCfg = Release|Any CPU
		{DE4E9AD1-1A3F-45D8-9C6C-61EC452C40C5}.TestHook|x86.Build.0 = Release|Any CPU
		{DE4E9AD1-1A3F-45D8-9C6C-61EC452C40C5}.Win7 Debug|Any CPU.ActiveCfg = Debug|Any CPU
		{DE4E9AD1-1A3F-45D8-9C6C-61EC452C40C5}.Win7 Debug|Any CPU.Build.0 = Debug|Any CPU
		{DE4E9AD1-1A3F-45D8-9C6C-61EC452C40C5}.Win7 Debug|x64.ActiveCfg = Debug|Any CPU
		{DE4E9AD1-1A3F-45D8-9C6C-61EC452C40C5}.Win7 Debug|x64.Build.0 = Debug|Any CPU
		{DE4E9AD1-1A3F-45D8-9C6C-61EC452C40C5}.Win7 Debug|x86.ActiveCfg = Debug|Any CPU
		{DE4E9AD1-1A3F-45D8-9C6C-61EC452C40C5}.Win7 Debug|x86.Build.0 = Debug|Any CPU
		{DE4E9AD1-1A3F-45D8-9C6C-61EC452C40C5}.Win7 Release|Any CPU.ActiveCfg = Release|Any CPU
		{DE4E9AD1-1A3F-45D8-9C6C-61EC452C40C5}.Win7 Release|Any CPU.Build.0 = Release|Any CPU
		{DE4E9AD1-1A3F-45D8-9C6C-61EC452C40C5}.Win7 Release|x64.ActiveCfg = Release|Any CPU
		{DE4E9AD1-1A3F-45D8-9C6C-61EC452C40C5}.Win7 Release|x64.Build.0 = Release|Any CPU
		{DE4E9AD1-1A3F-45D8-9C6C-61EC452C40C5}.Win7 Release|x86.ActiveCfg = Release|Any CPU
		{DE4E9AD1-1A3F-45D8-9C6C-61EC452C40C5}.Win7 Release|x86.Build.0 = Release|Any CPU
		{DE4E9AD1-1A3F-45D8-9C6C-61EC452C40C5}.Win8 Debug|Any CPU.ActiveCfg = Debug|Any CPU
		{DE4E9AD1-1A3F-45D8-9C6C-61EC452C40C5}.Win8 Debug|Any CPU.Build.0 = Debug|Any CPU
		{DE4E9AD1-1A3F-45D8-9C6C-61EC452C40C5}.Win8 Debug|x64.ActiveCfg = Debug|Any CPU
		{DE4E9AD1-1A3F-45D8-9C6C-61EC452C40C5}.Win8 Debug|x64.Build.0 = Debug|Any CPU
		{DE4E9AD1-1A3F-45D8-9C6C-61EC452C40C5}.Win8 Debug|x86.ActiveCfg = Debug|Any CPU
		{DE4E9AD1-1A3F-45D8-9C6C-61EC452C40C5}.Win8 Debug|x86.Build.0 = Debug|Any CPU
		{DE4E9AD1-1A3F-45D8-9C6C-61EC452C40C5}.Win8 Release|Any CPU.ActiveCfg = Release|Any CPU
		{DE4E9AD1-1A3F-45D8-9C6C-61EC452C40C5}.Win8 Release|Any CPU.Build.0 = Release|Any CPU
		{DE4E9AD1-1A3F-45D8-9C6C-61EC452C40C5}.Win8 Release|x64.ActiveCfg = Release|Any CPU
		{DE4E9AD1-1A3F-45D8-9C6C-61EC452C40C5}.Win8 Release|x64.Build.0 = Release|Any CPU
		{DE4E9AD1-1A3F-45D8-9C6C-61EC452C40C5}.Win8 Release|x86.ActiveCfg = Release|Any CPU
		{DE4E9AD1-1A3F-45D8-9C6C-61EC452C40C5}.Win8 Release|x86.Build.0 = Release|Any CPU
		{DE4E9AD1-1A3F-45D8-9C6C-61EC452C40C5}.Win8.1 Debug|Any CPU.ActiveCfg = Debug|Any CPU
		{DE4E9AD1-1A3F-45D8-9C6C-61EC452C40C5}.Win8.1 Debug|Any CPU.Build.0 = Debug|Any CPU
		{DE4E9AD1-1A3F-45D8-9C6C-61EC452C40C5}.Win8.1 Debug|x64.ActiveCfg = Debug|Any CPU
		{DE4E9AD1-1A3F-45D8-9C6C-61EC452C40C5}.Win8.1 Debug|x64.Build.0 = Debug|Any CPU
		{DE4E9AD1-1A3F-45D8-9C6C-61EC452C40C5}.Win8.1 Debug|x86.ActiveCfg = Debug|Any CPU
		{DE4E9AD1-1A3F-45D8-9C6C-61EC452C40C5}.Win8.1 Debug|x86.Build.0 = Debug|Any CPU
		{DE4E9AD1-1A3F-45D8-9C6C-61EC452C40C5}.Win8.1 Release|Any CPU.ActiveCfg = Release|Any CPU
		{DE4E9AD1-1A3F-45D8-9C6C-61EC452C40C5}.Win8.1 Release|Any CPU.Build.0 = Release|Any CPU
		{DE4E9AD1-1A3F-45D8-9C6C-61EC452C40C5}.Win8.1 Release|x64.ActiveCfg = Release|Any CPU
		{DE4E9AD1-1A3F-45D8-9C6C-61EC452C40C5}.Win8.1 Release|x64.Build.0 = Release|Any CPU
		{DE4E9AD1-1A3F-45D8-9C6C-61EC452C40C5}.Win8.1 Release|x86.ActiveCfg = Release|Any CPU
		{DE4E9AD1-1A3F-45D8-9C6C-61EC452C40C5}.Win8.1 Release|x86.Build.0 = Release|Any CPU
		{2EA1344C-4E40-4431-B1D2-C9B7619B23C3}.Debug|Any CPU.ActiveCfg = Debug|Any CPU
		{2EA1344C-4E40-4431-B1D2-C9B7619B23C3}.Debug|Any CPU.Build.0 = Debug|Any CPU
		{2EA1344C-4E40-4431-B1D2-C9B7619B23C3}.Debug|x64.ActiveCfg = Debug|Any CPU
		{2EA1344C-4E40-4431-B1D2-C9B7619B23C3}.Debug|x64.Build.0 = Debug|Any CPU
		{2EA1344C-4E40-4431-B1D2-C9B7619B23C3}.Debug|x86.ActiveCfg = Debug|Any CPU
		{2EA1344C-4E40-4431-B1D2-C9B7619B23C3}.Debug|x86.Build.0 = Debug|Any CPU
		{2EA1344C-4E40-4431-B1D2-C9B7619B23C3}.netfx3.5-Debug|Any CPU.ActiveCfg = Debug|Any CPU
		{2EA1344C-4E40-4431-B1D2-C9B7619B23C3}.netfx3.5-Debug|Any CPU.Build.0 = Debug|Any CPU
		{2EA1344C-4E40-4431-B1D2-C9B7619B23C3}.netfx3.5-Debug|x64.ActiveCfg = Debug|Any CPU
		{2EA1344C-4E40-4431-B1D2-C9B7619B23C3}.netfx3.5-Debug|x64.Build.0 = Debug|Any CPU
		{2EA1344C-4E40-4431-B1D2-C9B7619B23C3}.netfx3.5-Debug|x86.ActiveCfg = Debug|Any CPU
		{2EA1344C-4E40-4431-B1D2-C9B7619B23C3}.netfx3.5-Debug|x86.Build.0 = Debug|Any CPU
		{2EA1344C-4E40-4431-B1D2-C9B7619B23C3}.netfx3.5-Release|Any CPU.ActiveCfg = Release|Any CPU
		{2EA1344C-4E40-4431-B1D2-C9B7619B23C3}.netfx3.5-Release|Any CPU.Build.0 = Release|Any CPU
		{2EA1344C-4E40-4431-B1D2-C9B7619B23C3}.netfx3.5-Release|x64.ActiveCfg = Release|Any CPU
		{2EA1344C-4E40-4431-B1D2-C9B7619B23C3}.netfx3.5-Release|x64.Build.0 = Release|Any CPU
		{2EA1344C-4E40-4431-B1D2-C9B7619B23C3}.netfx3.5-Release|x86.ActiveCfg = Release|Any CPU
		{2EA1344C-4E40-4431-B1D2-C9B7619B23C3}.netfx3.5-Release|x86.Build.0 = Release|Any CPU
		{2EA1344C-4E40-4431-B1D2-C9B7619B23C3}.netfx4-Debug|Any CPU.ActiveCfg = Debug|Any CPU
		{2EA1344C-4E40-4431-B1D2-C9B7619B23C3}.netfx4-Debug|Any CPU.Build.0 = Debug|Any CPU
		{2EA1344C-4E40-4431-B1D2-C9B7619B23C3}.netfx4-Debug|x64.ActiveCfg = Debug|Any CPU
		{2EA1344C-4E40-4431-B1D2-C9B7619B23C3}.netfx4-Debug|x64.Build.0 = Debug|Any CPU
		{2EA1344C-4E40-4431-B1D2-C9B7619B23C3}.netfx4-Debug|x86.ActiveCfg = Debug|Any CPU
		{2EA1344C-4E40-4431-B1D2-C9B7619B23C3}.netfx4-Debug|x86.Build.0 = Debug|Any CPU
		{2EA1344C-4E40-4431-B1D2-C9B7619B23C3}.netfx4-Release|Any CPU.ActiveCfg = Release|Any CPU
		{2EA1344C-4E40-4431-B1D2-C9B7619B23C3}.netfx4-Release|Any CPU.Build.0 = Release|Any CPU
		{2EA1344C-4E40-4431-B1D2-C9B7619B23C3}.netfx4-Release|x64.ActiveCfg = Release|Any CPU
		{2EA1344C-4E40-4431-B1D2-C9B7619B23C3}.netfx4-Release|x64.Build.0 = Release|Any CPU
		{2EA1344C-4E40-4431-B1D2-C9B7619B23C3}.netfx4-Release|x86.ActiveCfg = Release|Any CPU
		{2EA1344C-4E40-4431-B1D2-C9B7619B23C3}.netfx4-Release|x86.Build.0 = Release|Any CPU
		{2EA1344C-4E40-4431-B1D2-C9B7619B23C3}.Release|Any CPU.ActiveCfg = Release|Any CPU
		{2EA1344C-4E40-4431-B1D2-C9B7619B23C3}.Release|Any CPU.Build.0 = Release|Any CPU
		{2EA1344C-4E40-4431-B1D2-C9B7619B23C3}.Release|x64.ActiveCfg = Release|Any CPU
		{2EA1344C-4E40-4431-B1D2-C9B7619B23C3}.Release|x64.Build.0 = Release|Any CPU
		{2EA1344C-4E40-4431-B1D2-C9B7619B23C3}.Release|x86.ActiveCfg = Release|Any CPU
		{2EA1344C-4E40-4431-B1D2-C9B7619B23C3}.Release|x86.Build.0 = Release|Any CPU
		{2EA1344C-4E40-4431-B1D2-C9B7619B23C3}.TestHook|Any CPU.ActiveCfg = Release|Any CPU
		{2EA1344C-4E40-4431-B1D2-C9B7619B23C3}.TestHook|Any CPU.Build.0 = Release|Any CPU
		{2EA1344C-4E40-4431-B1D2-C9B7619B23C3}.TestHook|x64.ActiveCfg = Release|Any CPU
		{2EA1344C-4E40-4431-B1D2-C9B7619B23C3}.TestHook|x64.Build.0 = Release|Any CPU
		{2EA1344C-4E40-4431-B1D2-C9B7619B23C3}.TestHook|x86.ActiveCfg = Release|Any CPU
		{2EA1344C-4E40-4431-B1D2-C9B7619B23C3}.TestHook|x86.Build.0 = Release|Any CPU
		{2EA1344C-4E40-4431-B1D2-C9B7619B23C3}.Win7 Debug|Any CPU.ActiveCfg = Debug|Any CPU
		{2EA1344C-4E40-4431-B1D2-C9B7619B23C3}.Win7 Debug|Any CPU.Build.0 = Debug|Any CPU
		{2EA1344C-4E40-4431-B1D2-C9B7619B23C3}.Win7 Debug|x64.ActiveCfg = Debug|Any CPU
		{2EA1344C-4E40-4431-B1D2-C9B7619B23C3}.Win7 Debug|x64.Build.0 = Debug|Any CPU
		{2EA1344C-4E40-4431-B1D2-C9B7619B23C3}.Win7 Debug|x86.ActiveCfg = Debug|Any CPU
		{2EA1344C-4E40-4431-B1D2-C9B7619B23C3}.Win7 Debug|x86.Build.0 = Debug|Any CPU
		{2EA1344C-4E40-4431-B1D2-C9B7619B23C3}.Win7 Release|Any CPU.ActiveCfg = Release|Any CPU
		{2EA1344C-4E40-4431-B1D2-C9B7619B23C3}.Win7 Release|Any CPU.Build.0 = Release|Any CPU
		{2EA1344C-4E40-4431-B1D2-C9B7619B23C3}.Win7 Release|x64.ActiveCfg = Release|Any CPU
		{2EA1344C-4E40-4431-B1D2-C9B7619B23C3}.Win7 Release|x64.Build.0 = Release|Any CPU
		{2EA1344C-4E40-4431-B1D2-C9B7619B23C3}.Win7 Release|x86.ActiveCfg = Release|Any CPU
		{2EA1344C-4E40-4431-B1D2-C9B7619B23C3}.Win7 Release|x86.Build.0 = Release|Any CPU
		{2EA1344C-4E40-4431-B1D2-C9B7619B23C3}.Win8 Debug|Any CPU.ActiveCfg = Debug|Any CPU
		{2EA1344C-4E40-4431-B1D2-C9B7619B23C3}.Win8 Debug|Any CPU.Build.0 = Debug|Any CPU
		{2EA1344C-4E40-4431-B1D2-C9B7619B23C3}.Win8 Debug|x64.ActiveCfg = Debug|Any CPU
		{2EA1344C-4E40-4431-B1D2-C9B7619B23C3}.Win8 Debug|x64.Build.0 = Debug|Any CPU
		{2EA1344C-4E40-4431-B1D2-C9B7619B23C3}.Win8 Debug|x86.ActiveCfg = Debug|Any CPU
		{2EA1344C-4E40-4431-B1D2-C9B7619B23C3}.Win8 Debug|x86.Build.0 = Debug|Any CPU
		{2EA1344C-4E40-4431-B1D2-C9B7619B23C3}.Win8 Release|Any CPU.ActiveCfg = Release|Any CPU
		{2EA1344C-4E40-4431-B1D2-C9B7619B23C3}.Win8 Release|Any CPU.Build.0 = Release|Any CPU
		{2EA1344C-4E40-4431-B1D2-C9B7619B23C3}.Win8 Release|x64.ActiveCfg = Release|Any CPU
		{2EA1344C-4E40-4431-B1D2-C9B7619B23C3}.Win8 Release|x64.Build.0 = Release|Any CPU
		{2EA1344C-4E40-4431-B1D2-C9B7619B23C3}.Win8 Release|x86.ActiveCfg = Release|Any CPU
		{2EA1344C-4E40-4431-B1D2-C9B7619B23C3}.Win8 Release|x86.Build.0 = Release|Any CPU
		{2EA1344C-4E40-4431-B1D2-C9B7619B23C3}.Win8.1 Debug|Any CPU.ActiveCfg = Debug|Any CPU
		{2EA1344C-4E40-4431-B1D2-C9B7619B23C3}.Win8.1 Debug|Any CPU.Build.0 = Debug|Any CPU
		{2EA1344C-4E40-4431-B1D2-C9B7619B23C3}.Win8.1 Debug|x64.ActiveCfg = Debug|Any CPU
		{2EA1344C-4E40-4431-B1D2-C9B7619B23C3}.Win8.1 Debug|x64.Build.0 = Debug|Any CPU
		{2EA1344C-4E40-4431-B1D2-C9B7619B23C3}.Win8.1 Debug|x86.ActiveCfg = Debug|Any CPU
		{2EA1344C-4E40-4431-B1D2-C9B7619B23C3}.Win8.1 Debug|x86.Build.0 = Debug|Any CPU
		{2EA1344C-4E40-4431-B1D2-C9B7619B23C3}.Win8.1 Release|Any CPU.ActiveCfg = Release|Any CPU
		{2EA1344C-4E40-4431-B1D2-C9B7619B23C3}.Win8.1 Release|Any CPU.Build.0 = Release|Any CPU
		{2EA1344C-4E40-4431-B1D2-C9B7619B23C3}.Win8.1 Release|x64.ActiveCfg = Release|Any CPU
		{2EA1344C-4E40-4431-B1D2-C9B7619B23C3}.Win8.1 Release|x64.Build.0 = Release|Any CPU
		{2EA1344C-4E40-4431-B1D2-C9B7619B23C3}.Win8.1 Release|x86.ActiveCfg = Release|Any CPU
		{2EA1344C-4E40-4431-B1D2-C9B7619B23C3}.Win8.1 Release|x86.Build.0 = Release|Any CPU
		{B00358FD-F292-4ADD-9DC3-710703E75520}.Debug|Any CPU.ActiveCfg = Debug|Any CPU
		{B00358FD-F292-4ADD-9DC3-710703E75520}.Debug|Any CPU.Build.0 = Debug|Any CPU
		{B00358FD-F292-4ADD-9DC3-710703E75520}.Debug|x64.ActiveCfg = Debug|Any CPU
		{B00358FD-F292-4ADD-9DC3-710703E75520}.Debug|x64.Build.0 = Debug|Any CPU
		{B00358FD-F292-4ADD-9DC3-710703E75520}.Debug|x86.ActiveCfg = Debug|Any CPU
		{B00358FD-F292-4ADD-9DC3-710703E75520}.Debug|x86.Build.0 = Debug|Any CPU
		{B00358FD-F292-4ADD-9DC3-710703E75520}.netfx3.5-Debug|Any CPU.ActiveCfg = Debug|Any CPU
		{B00358FD-F292-4ADD-9DC3-710703E75520}.netfx3.5-Debug|Any CPU.Build.0 = Debug|Any CPU
		{B00358FD-F292-4ADD-9DC3-710703E75520}.netfx3.5-Debug|x64.ActiveCfg = Debug|Any CPU
		{B00358FD-F292-4ADD-9DC3-710703E75520}.netfx3.5-Debug|x64.Build.0 = Debug|Any CPU
		{B00358FD-F292-4ADD-9DC3-710703E75520}.netfx3.5-Debug|x86.ActiveCfg = Debug|Any CPU
		{B00358FD-F292-4ADD-9DC3-710703E75520}.netfx3.5-Debug|x86.Build.0 = Debug|Any CPU
		{B00358FD-F292-4ADD-9DC3-710703E75520}.netfx3.5-Release|Any CPU.ActiveCfg = Release|Any CPU
		{B00358FD-F292-4ADD-9DC3-710703E75520}.netfx3.5-Release|Any CPU.Build.0 = Release|Any CPU
		{B00358FD-F292-4ADD-9DC3-710703E75520}.netfx3.5-Release|x64.ActiveCfg = Release|Any CPU
		{B00358FD-F292-4ADD-9DC3-710703E75520}.netfx3.5-Release|x64.Build.0 = Release|Any CPU
		{B00358FD-F292-4ADD-9DC3-710703E75520}.netfx3.5-Release|x86.ActiveCfg = Release|Any CPU
		{B00358FD-F292-4ADD-9DC3-710703E75520}.netfx3.5-Release|x86.Build.0 = Release|Any CPU
		{B00358FD-F292-4ADD-9DC3-710703E75520}.netfx4-Debug|Any CPU.ActiveCfg = Debug|Any CPU
		{B00358FD-F292-4ADD-9DC3-710703E75520}.netfx4-Debug|Any CPU.Build.0 = Debug|Any CPU
		{B00358FD-F292-4ADD-9DC3-710703E75520}.netfx4-Debug|x64.ActiveCfg = Debug|Any CPU
		{B00358FD-F292-4ADD-9DC3-710703E75520}.netfx4-Debug|x64.Build.0 = Debug|Any CPU
		{B00358FD-F292-4ADD-9DC3-710703E75520}.netfx4-Debug|x86.ActiveCfg = Debug|Any CPU
		{B00358FD-F292-4ADD-9DC3-710703E75520}.netfx4-Debug|x86.Build.0 = Debug|Any CPU
		{B00358FD-F292-4ADD-9DC3-710703E75520}.netfx4-Release|Any CPU.ActiveCfg = Release|Any CPU
		{B00358FD-F292-4ADD-9DC3-710703E75520}.netfx4-Release|Any CPU.Build.0 = Release|Any CPU
		{B00358FD-F292-4ADD-9DC3-710703E75520}.netfx4-Release|x64.ActiveCfg = Release|Any CPU
		{B00358FD-F292-4ADD-9DC3-710703E75520}.netfx4-Release|x64.Build.0 = Release|Any CPU
		{B00358FD-F292-4ADD-9DC3-710703E75520}.netfx4-Release|x86.ActiveCfg = Release|Any CPU
		{B00358FD-F292-4ADD-9DC3-710703E75520}.netfx4-Release|x86.Build.0 = Release|Any CPU
		{B00358FD-F292-4ADD-9DC3-710703E75520}.Release|Any CPU.ActiveCfg = Release|Any CPU
		{B00358FD-F292-4ADD-9DC3-710703E75520}.Release|Any CPU.Build.0 = Release|Any CPU
		{B00358FD-F292-4ADD-9DC3-710703E75520}.Release|x64.ActiveCfg = Release|Any CPU
		{B00358FD-F292-4ADD-9DC3-710703E75520}.Release|x64.Build.0 = Release|Any CPU
		{B00358FD-F292-4ADD-9DC3-710703E75520}.Release|x86.ActiveCfg = Release|Any CPU
		{B00358FD-F292-4ADD-9DC3-710703E75520}.Release|x86.Build.0 = Release|Any CPU
		{B00358FD-F292-4ADD-9DC3-710703E75520}.TestHook|Any CPU.ActiveCfg = Release|Any CPU
		{B00358FD-F292-4ADD-9DC3-710703E75520}.TestHook|Any CPU.Build.0 = Release|Any CPU
		{B00358FD-F292-4ADD-9DC3-710703E75520}.TestHook|x64.ActiveCfg = Release|Any CPU
		{B00358FD-F292-4ADD-9DC3-710703E75520}.TestHook|x64.Build.0 = Release|Any CPU
		{B00358FD-F292-4ADD-9DC3-710703E75520}.TestHook|x86.ActiveCfg = Release|Any CPU
		{B00358FD-F292-4ADD-9DC3-710703E75520}.TestHook|x86.Build.0 = Release|Any CPU
		{B00358FD-F292-4ADD-9DC3-710703E75520}.Win7 Debug|Any CPU.ActiveCfg = Debug|Any CPU
		{B00358FD-F292-4ADD-9DC3-710703E75520}.Win7 Debug|Any CPU.Build.0 = Debug|Any CPU
		{B00358FD-F292-4ADD-9DC3-710703E75520}.Win7 Debug|x64.ActiveCfg = Debug|Any CPU
		{B00358FD-F292-4ADD-9DC3-710703E75520}.Win7 Debug|x64.Build.0 = Debug|Any CPU
		{B00358FD-F292-4ADD-9DC3-710703E75520}.Win7 Debug|x86.ActiveCfg = Debug|Any CPU
		{B00358FD-F292-4ADD-9DC3-710703E75520}.Win7 Debug|x86.Build.0 = Debug|Any CPU
		{B00358FD-F292-4ADD-9DC3-710703E75520}.Win7 Release|Any CPU.ActiveCfg = Release|Any CPU
		{B00358FD-F292-4ADD-9DC3-710703E75520}.Win7 Release|Any CPU.Build.0 = Release|Any CPU
		{B00358FD-F292-4ADD-9DC3-710703E75520}.Win7 Release|x64.ActiveCfg = Release|Any CPU
		{B00358FD-F292-4ADD-9DC3-710703E75520}.Win7 Release|x64.Build.0 = Release|Any CPU
		{B00358FD-F292-4ADD-9DC3-710703E75520}.Win7 Release|x86.ActiveCfg = Release|Any CPU
		{B00358FD-F292-4ADD-9DC3-710703E75520}.Win7 Release|x86.Build.0 = Release|Any CPU
		{B00358FD-F292-4ADD-9DC3-710703E75520}.Win8 Debug|Any CPU.ActiveCfg = Debug|Any CPU
		{B00358FD-F292-4ADD-9DC3-710703E75520}.Win8 Debug|Any CPU.Build.0 = Debug|Any CPU
		{B00358FD-F292-4ADD-9DC3-710703E75520}.Win8 Debug|x64.ActiveCfg = Debug|Any CPU
		{B00358FD-F292-4ADD-9DC3-710703E75520}.Win8 Debug|x64.Build.0 = Debug|Any CPU
		{B00358FD-F292-4ADD-9DC3-710703E75520}.Win8 Debug|x86.ActiveCfg = Debug|Any CPU
		{B00358FD-F292-4ADD-9DC3-710703E75520}.Win8 Debug|x86.Build.0 = Debug|Any CPU
		{B00358FD-F292-4ADD-9DC3-710703E75520}.Win8 Release|Any CPU.ActiveCfg = Release|Any CPU
		{B00358FD-F292-4ADD-9DC3-710703E75520}.Win8 Release|Any CPU.Build.0 = Release|Any CPU
		{B00358FD-F292-4ADD-9DC3-710703E75520}.Win8 Release|x64.ActiveCfg = Release|Any CPU
		{B00358FD-F292-4ADD-9DC3-710703E75520}.Win8 Release|x64.Build.0 = Release|Any CPU
		{B00358FD-F292-4ADD-9DC3-710703E75520}.Win8 Release|x86.ActiveCfg = Release|Any CPU
		{B00358FD-F292-4ADD-9DC3-710703E75520}.Win8 Release|x86.Build.0 = Release|Any CPU
		{B00358FD-F292-4ADD-9DC3-710703E75520}.Win8.1 Debug|Any CPU.ActiveCfg = Debug|Any CPU
		{B00358FD-F292-4ADD-9DC3-710703E75520}.Win8.1 Debug|Any CPU.Build.0 = Debug|Any CPU
		{B00358FD-F292-4ADD-9DC3-710703E75520}.Win8.1 Debug|x64.ActiveCfg = Debug|Any CPU
		{B00358FD-F292-4ADD-9DC3-710703E75520}.Win8.1 Debug|x64.Build.0 = Debug|Any CPU
		{B00358FD-F292-4ADD-9DC3-710703E75520}.Win8.1 Debug|x86.ActiveCfg = Debug|Any CPU
		{B00358FD-F292-4ADD-9DC3-710703E75520}.Win8.1 Debug|x86.Build.0 = Debug|Any CPU
		{B00358FD-F292-4ADD-9DC3-710703E75520}.Win8.1 Release|Any CPU.ActiveCfg = Release|Any CPU
		{B00358FD-F292-4ADD-9DC3-710703E75520}.Win8.1 Release|Any CPU.Build.0 = Release|Any CPU
		{B00358FD-F292-4ADD-9DC3-710703E75520}.Win8.1 Release|x64.ActiveCfg = Release|Any CPU
		{B00358FD-F292-4ADD-9DC3-710703E75520}.Win8.1 Release|x64.Build.0 = Release|Any CPU
		{B00358FD-F292-4ADD-9DC3-710703E75520}.Win8.1 Release|x86.ActiveCfg = Release|Any CPU
		{B00358FD-F292-4ADD-9DC3-710703E75520}.Win8.1 Release|x86.Build.0 = Release|Any CPU
		{2F59F1BE-D3C2-44D1-8279-FF677A96B8CC}.Debug|Any CPU.ActiveCfg = Debug|Any CPU
		{2F59F1BE-D3C2-44D1-8279-FF677A96B8CC}.Debug|Any CPU.Build.0 = Debug|Any CPU
		{2F59F1BE-D3C2-44D1-8279-FF677A96B8CC}.Debug|x64.ActiveCfg = Debug|Any CPU
		{2F59F1BE-D3C2-44D1-8279-FF677A96B8CC}.Debug|x64.Build.0 = Debug|Any CPU
		{2F59F1BE-D3C2-44D1-8279-FF677A96B8CC}.Debug|x86.ActiveCfg = Debug|Any CPU
		{2F59F1BE-D3C2-44D1-8279-FF677A96B8CC}.Debug|x86.Build.0 = Debug|Any CPU
		{2F59F1BE-D3C2-44D1-8279-FF677A96B8CC}.netfx3.5-Debug|Any CPU.ActiveCfg = Debug|Any CPU
		{2F59F1BE-D3C2-44D1-8279-FF677A96B8CC}.netfx3.5-Debug|Any CPU.Build.0 = Debug|Any CPU
		{2F59F1BE-D3C2-44D1-8279-FF677A96B8CC}.netfx3.5-Debug|x64.ActiveCfg = Debug|Any CPU
		{2F59F1BE-D3C2-44D1-8279-FF677A96B8CC}.netfx3.5-Debug|x64.Build.0 = Debug|Any CPU
		{2F59F1BE-D3C2-44D1-8279-FF677A96B8CC}.netfx3.5-Debug|x86.ActiveCfg = Debug|Any CPU
		{2F59F1BE-D3C2-44D1-8279-FF677A96B8CC}.netfx3.5-Debug|x86.Build.0 = Debug|Any CPU
		{2F59F1BE-D3C2-44D1-8279-FF677A96B8CC}.netfx3.5-Release|Any CPU.ActiveCfg = Release|Any CPU
		{2F59F1BE-D3C2-44D1-8279-FF677A96B8CC}.netfx3.5-Release|Any CPU.Build.0 = Release|Any CPU
		{2F59F1BE-D3C2-44D1-8279-FF677A96B8CC}.netfx3.5-Release|x64.ActiveCfg = Release|Any CPU
		{2F59F1BE-D3C2-44D1-8279-FF677A96B8CC}.netfx3.5-Release|x64.Build.0 = Release|Any CPU
		{2F59F1BE-D3C2-44D1-8279-FF677A96B8CC}.netfx3.5-Release|x86.ActiveCfg = Release|Any CPU
		{2F59F1BE-D3C2-44D1-8279-FF677A96B8CC}.netfx3.5-Release|x86.Build.0 = Release|Any CPU
		{2F59F1BE-D3C2-44D1-8279-FF677A96B8CC}.netfx4-Debug|Any CPU.ActiveCfg = Debug|Any CPU
		{2F59F1BE-D3C2-44D1-8279-FF677A96B8CC}.netfx4-Debug|Any CPU.Build.0 = Debug|Any CPU
		{2F59F1BE-D3C2-44D1-8279-FF677A96B8CC}.netfx4-Debug|x64.ActiveCfg = Debug|Any CPU
		{2F59F1BE-D3C2-44D1-8279-FF677A96B8CC}.netfx4-Debug|x64.Build.0 = Debug|Any CPU
		{2F59F1BE-D3C2-44D1-8279-FF677A96B8CC}.netfx4-Debug|x86.ActiveCfg = Debug|Any CPU
		{2F59F1BE-D3C2-44D1-8279-FF677A96B8CC}.netfx4-Debug|x86.Build.0 = Debug|Any CPU
		{2F59F1BE-D3C2-44D1-8279-FF677A96B8CC}.netfx4-Release|Any CPU.ActiveCfg = Release|Any CPU
		{2F59F1BE-D3C2-44D1-8279-FF677A96B8CC}.netfx4-Release|Any CPU.Build.0 = Release|Any CPU
		{2F59F1BE-D3C2-44D1-8279-FF677A96B8CC}.netfx4-Release|x64.ActiveCfg = Release|Any CPU
		{2F59F1BE-D3C2-44D1-8279-FF677A96B8CC}.netfx4-Release|x64.Build.0 = Release|Any CPU
		{2F59F1BE-D3C2-44D1-8279-FF677A96B8CC}.netfx4-Release|x86.ActiveCfg = Release|Any CPU
		{2F59F1BE-D3C2-44D1-8279-FF677A96B8CC}.netfx4-Release|x86.Build.0 = Release|Any CPU
		{2F59F1BE-D3C2-44D1-8279-FF677A96B8CC}.Release|Any CPU.ActiveCfg = Release|Any CPU
		{2F59F1BE-D3C2-44D1-8279-FF677A96B8CC}.Release|Any CPU.Build.0 = Release|Any CPU
		{2F59F1BE-D3C2-44D1-8279-FF677A96B8CC}.Release|x64.ActiveCfg = Release|Any CPU
		{2F59F1BE-D3C2-44D1-8279-FF677A96B8CC}.Release|x64.Build.0 = Release|Any CPU
		{2F59F1BE-D3C2-44D1-8279-FF677A96B8CC}.Release|x86.ActiveCfg = Release|Any CPU
		{2F59F1BE-D3C2-44D1-8279-FF677A96B8CC}.Release|x86.Build.0 = Release|Any CPU
		{2F59F1BE-D3C2-44D1-8279-FF677A96B8CC}.TestHook|Any CPU.ActiveCfg = Release|Any CPU
		{2F59F1BE-D3C2-44D1-8279-FF677A96B8CC}.TestHook|Any CPU.Build.0 = Release|Any CPU
		{2F59F1BE-D3C2-44D1-8279-FF677A96B8CC}.TestHook|x64.ActiveCfg = Release|Any CPU
		{2F59F1BE-D3C2-44D1-8279-FF677A96B8CC}.TestHook|x64.Build.0 = Release|Any CPU
		{2F59F1BE-D3C2-44D1-8279-FF677A96B8CC}.TestHook|x86.ActiveCfg = Release|Any CPU
		{2F59F1BE-D3C2-44D1-8279-FF677A96B8CC}.TestHook|x86.Build.0 = Release|Any CPU
		{2F59F1BE-D3C2-44D1-8279-FF677A96B8CC}.Win7 Debug|Any CPU.ActiveCfg = Debug|Any CPU
		{2F59F1BE-D3C2-44D1-8279-FF677A96B8CC}.Win7 Debug|Any CPU.Build.0 = Debug|Any CPU
		{2F59F1BE-D3C2-44D1-8279-FF677A96B8CC}.Win7 Debug|x64.ActiveCfg = Debug|Any CPU
		{2F59F1BE-D3C2-44D1-8279-FF677A96B8CC}.Win7 Debug|x64.Build.0 = Debug|Any CPU
		{2F59F1BE-D3C2-44D1-8279-FF677A96B8CC}.Win7 Debug|x86.ActiveCfg = Debug|Any CPU
		{2F59F1BE-D3C2-44D1-8279-FF677A96B8CC}.Win7 Debug|x86.Build.0 = Debug|Any CPU
		{2F59F1BE-D3C2-44D1-8279-FF677A96B8CC}.Win7 Release|Any CPU.ActiveCfg = Release|Any CPU
		{2F59F1BE-D3C2-44D1-8279-FF677A96B8CC}.Win7 Release|Any CPU.Build.0 = Release|Any CPU
		{2F59F1BE-D3C2-44D1-8279-FF677A96B8CC}.Win7 Release|x64.ActiveCfg = Release|Any CPU
		{2F59F1BE-D3C2-44D1-8279-FF677A96B8CC}.Win7 Release|x64.Build.0 = Release|Any CPU
		{2F59F1BE-D3C2-44D1-8279-FF677A96B8CC}.Win7 Release|x86.ActiveCfg = Release|Any CPU
		{2F59F1BE-D3C2-44D1-8279-FF677A96B8CC}.Win7 Release|x86.Build.0 = Release|Any CPU
		{2F59F1BE-D3C2-44D1-8279-FF677A96B8CC}.Win8 Debug|Any CPU.ActiveCfg = Debug|Any CPU
		{2F59F1BE-D3C2-44D1-8279-FF677A96B8CC}.Win8 Debug|Any CPU.Build.0 = Debug|Any CPU
		{2F59F1BE-D3C2-44D1-8279-FF677A96B8CC}.Win8 Debug|x64.ActiveCfg = Debug|Any CPU
		{2F59F1BE-D3C2-44D1-8279-FF677A96B8CC}.Win8 Debug|x64.Build.0 = Debug|Any CPU
		{2F59F1BE-D3C2-44D1-8279-FF677A96B8CC}.Win8 Debug|x86.ActiveCfg = Debug|Any CPU
		{2F59F1BE-D3C2-44D1-8279-FF677A96B8CC}.Win8 Debug|x86.Build.0 = Debug|Any CPU
		{2F59F1BE-D3C2-44D1-8279-FF677A96B8CC}.Win8 Release|Any CPU.ActiveCfg = Release|Any CPU
		{2F59F1BE-D3C2-44D1-8279-FF677A96B8CC}.Win8 Release|Any CPU.Build.0 = Release|Any CPU
		{2F59F1BE-D3C2-44D1-8279-FF677A96B8CC}.Win8 Release|x64.ActiveCfg = Release|Any CPU
		{2F59F1BE-D3C2-44D1-8279-FF677A96B8CC}.Win8 Release|x64.Build.0 = Release|Any CPU
		{2F59F1BE-D3C2-44D1-8279-FF677A96B8CC}.Win8 Release|x86.ActiveCfg = Release|Any CPU
		{2F59F1BE-D3C2-44D1-8279-FF677A96B8CC}.Win8 Release|x86.Build.0 = Release|Any CPU
		{2F59F1BE-D3C2-44D1-8279-FF677A96B8CC}.Win8.1 Debug|Any CPU.ActiveCfg = Debug|Any CPU
		{2F59F1BE-D3C2-44D1-8279-FF677A96B8CC}.Win8.1 Debug|Any CPU.Build.0 = Debug|Any CPU
		{2F59F1BE-D3C2-44D1-8279-FF677A96B8CC}.Win8.1 Debug|x64.ActiveCfg = Debug|Any CPU
		{2F59F1BE-D3C2-44D1-8279-FF677A96B8CC}.Win8.1 Debug|x64.Build.0 = Debug|Any CPU
		{2F59F1BE-D3C2-44D1-8279-FF677A96B8CC}.Win8.1 Debug|x86.ActiveCfg = Debug|Any CPU
		{2F59F1BE-D3C2-44D1-8279-FF677A96B8CC}.Win8.1 Debug|x86.Build.0 = Debug|Any CPU
		{2F59F1BE-D3C2-44D1-8279-FF677A96B8CC}.Win8.1 Release|Any CPU.ActiveCfg = Release|Any CPU
		{2F59F1BE-D3C2-44D1-8279-FF677A96B8CC}.Win8.1 Release|Any CPU.Build.0 = Release|Any CPU
		{2F59F1BE-D3C2-44D1-8279-FF677A96B8CC}.Win8.1 Release|x64.ActiveCfg = Release|Any CPU
		{2F59F1BE-D3C2-44D1-8279-FF677A96B8CC}.Win8.1 Release|x64.Build.0 = Release|Any CPU
		{2F59F1BE-D3C2-44D1-8279-FF677A96B8CC}.Win8.1 Release|x86.ActiveCfg = Release|Any CPU
		{2F59F1BE-D3C2-44D1-8279-FF677A96B8CC}.Win8.1 Release|x86.Build.0 = Release|Any CPU
		{E4516DC0-CC61-4265-A8C9-0DD514104262}.Debug|Any CPU.ActiveCfg = Debug|Any CPU
		{E4516DC0-CC61-4265-A8C9-0DD514104262}.Debug|Any CPU.Build.0 = Debug|Any CPU
		{E4516DC0-CC61-4265-A8C9-0DD514104262}.Debug|x64.ActiveCfg = Debug|Any CPU
		{E4516DC0-CC61-4265-A8C9-0DD514104262}.Debug|x64.Build.0 = Debug|Any CPU
		{E4516DC0-CC61-4265-A8C9-0DD514104262}.Debug|x86.ActiveCfg = Debug|Any CPU
		{E4516DC0-CC61-4265-A8C9-0DD514104262}.Debug|x86.Build.0 = Debug|Any CPU
		{E4516DC0-CC61-4265-A8C9-0DD514104262}.netfx3.5-Debug|Any CPU.ActiveCfg = Debug|Any CPU
		{E4516DC0-CC61-4265-A8C9-0DD514104262}.netfx3.5-Debug|Any CPU.Build.0 = Debug|Any CPU
		{E4516DC0-CC61-4265-A8C9-0DD514104262}.netfx3.5-Debug|x64.ActiveCfg = Debug|Any CPU
		{E4516DC0-CC61-4265-A8C9-0DD514104262}.netfx3.5-Debug|x64.Build.0 = Debug|Any CPU
		{E4516DC0-CC61-4265-A8C9-0DD514104262}.netfx3.5-Debug|x86.ActiveCfg = Debug|Any CPU
		{E4516DC0-CC61-4265-A8C9-0DD514104262}.netfx3.5-Debug|x86.Build.0 = Debug|Any CPU
		{E4516DC0-CC61-4265-A8C9-0DD514104262}.netfx3.5-Release|Any CPU.ActiveCfg = Release|Any CPU
		{E4516DC0-CC61-4265-A8C9-0DD514104262}.netfx3.5-Release|Any CPU.Build.0 = Release|Any CPU
		{E4516DC0-CC61-4265-A8C9-0DD514104262}.netfx3.5-Release|x64.ActiveCfg = Release|Any CPU
		{E4516DC0-CC61-4265-A8C9-0DD514104262}.netfx3.5-Release|x64.Build.0 = Release|Any CPU
		{E4516DC0-CC61-4265-A8C9-0DD514104262}.netfx3.5-Release|x86.ActiveCfg = Release|Any CPU
		{E4516DC0-CC61-4265-A8C9-0DD514104262}.netfx3.5-Release|x86.Build.0 = Release|Any CPU
		{E4516DC0-CC61-4265-A8C9-0DD514104262}.netfx4-Debug|Any CPU.ActiveCfg = Debug|Any CPU
		{E4516DC0-CC61-4265-A8C9-0DD514104262}.netfx4-Debug|Any CPU.Build.0 = Debug|Any CPU
		{E4516DC0-CC61-4265-A8C9-0DD514104262}.netfx4-Debug|x64.ActiveCfg = Debug|Any CPU
		{E4516DC0-CC61-4265-A8C9-0DD514104262}.netfx4-Debug|x64.Build.0 = Debug|Any CPU
		{E4516DC0-CC61-4265-A8C9-0DD514104262}.netfx4-Debug|x86.ActiveCfg = Debug|Any CPU
		{E4516DC0-CC61-4265-A8C9-0DD514104262}.netfx4-Debug|x86.Build.0 = Debug|Any CPU
		{E4516DC0-CC61-4265-A8C9-0DD514104262}.netfx4-Release|Any CPU.ActiveCfg = Release|Any CPU
		{E4516DC0-CC61-4265-A8C9-0DD514104262}.netfx4-Release|Any CPU.Build.0 = Release|Any CPU
		{E4516DC0-CC61-4265-A8C9-0DD514104262}.netfx4-Release|x64.ActiveCfg = Release|Any CPU
		{E4516DC0-CC61-4265-A8C9-0DD514104262}.netfx4-Release|x64.Build.0 = Release|Any CPU
		{E4516DC0-CC61-4265-A8C9-0DD514104262}.netfx4-Release|x86.ActiveCfg = Release|Any CPU
		{E4516DC0-CC61-4265-A8C9-0DD514104262}.netfx4-Release|x86.Build.0 = Release|Any CPU
		{E4516DC0-CC61-4265-A8C9-0DD514104262}.Release|Any CPU.ActiveCfg = Release|Any CPU
		{E4516DC0-CC61-4265-A8C9-0DD514104262}.Release|Any CPU.Build.0 = Release|Any CPU
		{E4516DC0-CC61-4265-A8C9-0DD514104262}.Release|x64.ActiveCfg = Release|Any CPU
		{E4516DC0-CC61-4265-A8C9-0DD514104262}.Release|x64.Build.0 = Release|Any CPU
		{E4516DC0-CC61-4265-A8C9-0DD514104262}.Release|x86.ActiveCfg = Release|Any CPU
		{E4516DC0-CC61-4265-A8C9-0DD514104262}.Release|x86.Build.0 = Release|Any CPU
		{E4516DC0-CC61-4265-A8C9-0DD514104262}.TestHook|Any CPU.ActiveCfg = Release|Any CPU
		{E4516DC0-CC61-4265-A8C9-0DD514104262}.TestHook|Any CPU.Build.0 = Release|Any CPU
		{E4516DC0-CC61-4265-A8C9-0DD514104262}.TestHook|x64.ActiveCfg = Release|Any CPU
		{E4516DC0-CC61-4265-A8C9-0DD514104262}.TestHook|x64.Build.0 = Release|Any CPU
		{E4516DC0-CC61-4265-A8C9-0DD514104262}.TestHook|x86.ActiveCfg = Release|Any CPU
		{E4516DC0-CC61-4265-A8C9-0DD514104262}.TestHook|x86.Build.0 = Release|Any CPU
		{E4516DC0-CC61-4265-A8C9-0DD514104262}.Win7 Debug|Any CPU.ActiveCfg = Debug|Any CPU
		{E4516DC0-CC61-4265-A8C9-0DD514104262}.Win7 Debug|Any CPU.Build.0 = Debug|Any CPU
		{E4516DC0-CC61-4265-A8C9-0DD514104262}.Win7 Debug|x64.ActiveCfg = Debug|Any CPU
		{E4516DC0-CC61-4265-A8C9-0DD514104262}.Win7 Debug|x64.Build.0 = Debug|Any CPU
		{E4516DC0-CC61-4265-A8C9-0DD514104262}.Win7 Debug|x86.ActiveCfg = Debug|Any CPU
		{E4516DC0-CC61-4265-A8C9-0DD514104262}.Win7 Debug|x86.Build.0 = Debug|Any CPU
		{E4516DC0-CC61-4265-A8C9-0DD514104262}.Win7 Release|Any CPU.ActiveCfg = Release|Any CPU
		{E4516DC0-CC61-4265-A8C9-0DD514104262}.Win7 Release|Any CPU.Build.0 = Release|Any CPU
		{E4516DC0-CC61-4265-A8C9-0DD514104262}.Win7 Release|x64.ActiveCfg = Release|Any CPU
		{E4516DC0-CC61-4265-A8C9-0DD514104262}.Win7 Release|x64.Build.0 = Release|Any CPU
		{E4516DC0-CC61-4265-A8C9-0DD514104262}.Win7 Release|x86.ActiveCfg = Release|Any CPU
		{E4516DC0-CC61-4265-A8C9-0DD514104262}.Win7 Release|x86.Build.0 = Release|Any CPU
		{E4516DC0-CC61-4265-A8C9-0DD514104262}.Win8 Debug|Any CPU.ActiveCfg = Debug|Any CPU
		{E4516DC0-CC61-4265-A8C9-0DD514104262}.Win8 Debug|Any CPU.Build.0 = Debug|Any CPU
		{E4516DC0-CC61-4265-A8C9-0DD514104262}.Win8 Debug|x64.ActiveCfg = Debug|Any CPU
		{E4516DC0-CC61-4265-A8C9-0DD514104262}.Win8 Debug|x64.Build.0 = Debug|Any CPU
		{E4516DC0-CC61-4265-A8C9-0DD514104262}.Win8 Debug|x86.ActiveCfg = Debug|Any CPU
		{E4516DC0-CC61-4265-A8C9-0DD514104262}.Win8 Debug|x86.Build.0 = Debug|Any CPU
		{E4516DC0-CC61-4265-A8C9-0DD514104262}.Win8 Release|Any CPU.ActiveCfg = Release|Any CPU
		{E4516DC0-CC61-4265-A8C9-0DD514104262}.Win8 Release|Any CPU.Build.0 = Release|Any CPU
		{E4516DC0-CC61-4265-A8C9-0DD514104262}.Win8 Release|x64.ActiveCfg = Release|Any CPU
		{E4516DC0-CC61-4265-A8C9-0DD514104262}.Win8 Release|x64.Build.0 = Release|Any CPU
		{E4516DC0-CC61-4265-A8C9-0DD514104262}.Win8 Release|x86.ActiveCfg = Release|Any CPU
		{E4516DC0-CC61-4265-A8C9-0DD514104262}.Win8 Release|x86.Build.0 = Release|Any CPU
		{E4516DC0-CC61-4265-A8C9-0DD514104262}.Win8.1 Debug|Any CPU.ActiveCfg = Debug|Any CPU
		{E4516DC0-CC61-4265-A8C9-0DD514104262}.Win8.1 Debug|Any CPU.Build.0 = Debug|Any CPU
		{E4516DC0-CC61-4265-A8C9-0DD514104262}.Win8.1 Debug|x64.ActiveCfg = Debug|Any CPU
		{E4516DC0-CC61-4265-A8C9-0DD514104262}.Win8.1 Debug|x64.Build.0 = Debug|Any CPU
		{E4516DC0-CC61-4265-A8C9-0DD514104262}.Win8.1 Debug|x86.ActiveCfg = Debug|Any CPU
		{E4516DC0-CC61-4265-A8C9-0DD514104262}.Win8.1 Debug|x86.Build.0 = Debug|Any CPU
		{E4516DC0-CC61-4265-A8C9-0DD514104262}.Win8.1 Release|Any CPU.ActiveCfg = Release|Any CPU
		{E4516DC0-CC61-4265-A8C9-0DD514104262}.Win8.1 Release|Any CPU.Build.0 = Release|Any CPU
		{E4516DC0-CC61-4265-A8C9-0DD514104262}.Win8.1 Release|x64.ActiveCfg = Release|Any CPU
		{E4516DC0-CC61-4265-A8C9-0DD514104262}.Win8.1 Release|x64.Build.0 = Release|Any CPU
		{E4516DC0-CC61-4265-A8C9-0DD514104262}.Win8.1 Release|x86.ActiveCfg = Release|Any CPU
		{E4516DC0-CC61-4265-A8C9-0DD514104262}.Win8.1 Release|x86.Build.0 = Release|Any CPU
		{883FAD5D-458F-4F04-BE71-FC666BBB92F5}.Debug|Any CPU.ActiveCfg = Debug|Any CPU
		{883FAD5D-458F-4F04-BE71-FC666BBB92F5}.Debug|Any CPU.Build.0 = Debug|Any CPU
		{883FAD5D-458F-4F04-BE71-FC666BBB92F5}.Debug|x64.ActiveCfg = Debug|Any CPU
		{883FAD5D-458F-4F04-BE71-FC666BBB92F5}.Debug|x64.Build.0 = Debug|Any CPU
		{883FAD5D-458F-4F04-BE71-FC666BBB92F5}.Debug|x86.ActiveCfg = Debug|Any CPU
		{883FAD5D-458F-4F04-BE71-FC666BBB92F5}.Debug|x86.Build.0 = Debug|Any CPU
		{883FAD5D-458F-4F04-BE71-FC666BBB92F5}.netfx3.5-Debug|Any CPU.ActiveCfg = Debug|Any CPU
		{883FAD5D-458F-4F04-BE71-FC666BBB92F5}.netfx3.5-Debug|Any CPU.Build.0 = Debug|Any CPU
		{883FAD5D-458F-4F04-BE71-FC666BBB92F5}.netfx3.5-Debug|x64.ActiveCfg = Debug|Any CPU
		{883FAD5D-458F-4F04-BE71-FC666BBB92F5}.netfx3.5-Debug|x64.Build.0 = Debug|Any CPU
		{883FAD5D-458F-4F04-BE71-FC666BBB92F5}.netfx3.5-Debug|x86.ActiveCfg = Debug|Any CPU
		{883FAD5D-458F-4F04-BE71-FC666BBB92F5}.netfx3.5-Debug|x86.Build.0 = Debug|Any CPU
		{883FAD5D-458F-4F04-BE71-FC666BBB92F5}.netfx3.5-Release|Any CPU.ActiveCfg = Release|Any CPU
		{883FAD5D-458F-4F04-BE71-FC666BBB92F5}.netfx3.5-Release|Any CPU.Build.0 = Release|Any CPU
		{883FAD5D-458F-4F04-BE71-FC666BBB92F5}.netfx3.5-Release|x64.ActiveCfg = Release|Any CPU
		{883FAD5D-458F-4F04-BE71-FC666BBB92F5}.netfx3.5-Release|x64.Build.0 = Release|Any CPU
		{883FAD5D-458F-4F04-BE71-FC666BBB92F5}.netfx3.5-Release|x86.ActiveCfg = Release|Any CPU
		{883FAD5D-458F-4F04-BE71-FC666BBB92F5}.netfx3.5-Release|x86.Build.0 = Release|Any CPU
		{883FAD5D-458F-4F04-BE71-FC666BBB92F5}.netfx4-Debug|Any CPU.ActiveCfg = Debug|Any CPU
		{883FAD5D-458F-4F04-BE71-FC666BBB92F5}.netfx4-Debug|Any CPU.Build.0 = Debug|Any CPU
		{883FAD5D-458F-4F04-BE71-FC666BBB92F5}.netfx4-Debug|x64.ActiveCfg = Debug|Any CPU
		{883FAD5D-458F-4F04-BE71-FC666BBB92F5}.netfx4-Debug|x64.Build.0 = Debug|Any CPU
		{883FAD5D-458F-4F04-BE71-FC666BBB92F5}.netfx4-Debug|x86.ActiveCfg = Debug|Any CPU
		{883FAD5D-458F-4F04-BE71-FC666BBB92F5}.netfx4-Debug|x86.Build.0 = Debug|Any CPU
		{883FAD5D-458F-4F04-BE71-FC666BBB92F5}.netfx4-Release|Any CPU.ActiveCfg = Release|Any CPU
		{883FAD5D-458F-4F04-BE71-FC666BBB92F5}.netfx4-Release|Any CPU.Build.0 = Release|Any CPU
		{883FAD5D-458F-4F04-BE71-FC666BBB92F5}.netfx4-Release|x64.ActiveCfg = Release|Any CPU
		{883FAD5D-458F-4F04-BE71-FC666BBB92F5}.netfx4-Release|x64.Build.0 = Release|Any CPU
		{883FAD5D-458F-4F04-BE71-FC666BBB92F5}.netfx4-Release|x86.ActiveCfg = Release|Any CPU
		{883FAD5D-458F-4F04-BE71-FC666BBB92F5}.netfx4-Release|x86.Build.0 = Release|Any CPU
		{883FAD5D-458F-4F04-BE71-FC666BBB92F5}.Release|Any CPU.ActiveCfg = Release|Any CPU
		{883FAD5D-458F-4F04-BE71-FC666BBB92F5}.Release|Any CPU.Build.0 = Release|Any CPU
		{883FAD5D-458F-4F04-BE71-FC666BBB92F5}.Release|x64.ActiveCfg = Release|Any CPU
		{883FAD5D-458F-4F04-BE71-FC666BBB92F5}.Release|x64.Build.0 = Release|Any CPU
		{883FAD5D-458F-4F04-BE71-FC666BBB92F5}.Release|x86.ActiveCfg = Release|Any CPU
		{883FAD5D-458F-4F04-BE71-FC666BBB92F5}.Release|x86.Build.0 = Release|Any CPU
		{883FAD5D-458F-4F04-BE71-FC666BBB92F5}.TestHook|Any CPU.ActiveCfg = Release|Any CPU
		{883FAD5D-458F-4F04-BE71-FC666BBB92F5}.TestHook|Any CPU.Build.0 = Release|Any CPU
		{883FAD5D-458F-4F04-BE71-FC666BBB92F5}.TestHook|x64.ActiveCfg = Release|Any CPU
		{883FAD5D-458F-4F04-BE71-FC666BBB92F5}.TestHook|x64.Build.0 = Release|Any CPU
		{883FAD5D-458F-4F04-BE71-FC666BBB92F5}.TestHook|x86.ActiveCfg = Release|Any CPU
		{883FAD5D-458F-4F04-BE71-FC666BBB92F5}.TestHook|x86.Build.0 = Release|Any CPU
		{883FAD5D-458F-4F04-BE71-FC666BBB92F5}.Win7 Debug|Any CPU.ActiveCfg = Debug|Any CPU
		{883FAD5D-458F-4F04-BE71-FC666BBB92F5}.Win7 Debug|Any CPU.Build.0 = Debug|Any CPU
		{883FAD5D-458F-4F04-BE71-FC666BBB92F5}.Win7 Debug|x64.ActiveCfg = Debug|Any CPU
		{883FAD5D-458F-4F04-BE71-FC666BBB92F5}.Win7 Debug|x64.Build.0 = Debug|Any CPU
		{883FAD5D-458F-4F04-BE71-FC666BBB92F5}.Win7 Debug|x86.ActiveCfg = Debug|Any CPU
		{883FAD5D-458F-4F04-BE71-FC666BBB92F5}.Win7 Debug|x86.Build.0 = Debug|Any CPU
		{883FAD5D-458F-4F04-BE71-FC666BBB92F5}.Win7 Release|Any CPU.ActiveCfg = Release|Any CPU
		{883FAD5D-458F-4F04-BE71-FC666BBB92F5}.Win7 Release|Any CPU.Build.0 = Release|Any CPU
		{883FAD5D-458F-4F04-BE71-FC666BBB92F5}.Win7 Release|x64.ActiveCfg = Release|Any CPU
		{883FAD5D-458F-4F04-BE71-FC666BBB92F5}.Win7 Release|x64.Build.0 = Release|Any CPU
		{883FAD5D-458F-4F04-BE71-FC666BBB92F5}.Win7 Release|x86.ActiveCfg = Release|Any CPU
		{883FAD5D-458F-4F04-BE71-FC666BBB92F5}.Win7 Release|x86.Build.0 = Release|Any CPU
		{883FAD5D-458F-4F04-BE71-FC666BBB92F5}.Win8 Debug|Any CPU.ActiveCfg = Debug|Any CPU
		{883FAD5D-458F-4F04-BE71-FC666BBB92F5}.Win8 Debug|Any CPU.Build.0 = Debug|Any CPU
		{883FAD5D-458F-4F04-BE71-FC666BBB92F5}.Win8 Debug|x64.ActiveCfg = Debug|Any CPU
		{883FAD5D-458F-4F04-BE71-FC666BBB92F5}.Win8 Debug|x64.Build.0 = Debug|Any CPU
		{883FAD5D-458F-4F04-BE71-FC666BBB92F5}.Win8 Debug|x86.ActiveCfg = Debug|Any CPU
		{883FAD5D-458F-4F04-BE71-FC666BBB92F5}.Win8 Debug|x86.Build.0 = Debug|Any CPU
		{883FAD5D-458F-4F04-BE71-FC666BBB92F5}.Win8 Release|Any CPU.ActiveCfg = Release|Any CPU
		{883FAD5D-458F-4F04-BE71-FC666BBB92F5}.Win8 Release|Any CPU.Build.0 = Release|Any CPU
		{883FAD5D-458F-4F04-BE71-FC666BBB92F5}.Win8 Release|x64.ActiveCfg = Release|Any CPU
		{883FAD5D-458F-4F04-BE71-FC666BBB92F5}.Win8 Release|x64.Build.0 = Release|Any CPU
		{883FAD5D-458F-4F04-BE71-FC666BBB92F5}.Win8 Release|x86.ActiveCfg = Release|Any CPU
		{883FAD5D-458F-4F04-BE71-FC666BBB92F5}.Win8 Release|x86.Build.0 = Release|Any CPU
		{883FAD5D-458F-4F04-BE71-FC666BBB92F5}.Win8.1 Debug|Any CPU.ActiveCfg = Debug|Any CPU
		{883FAD5D-458F-4F04-BE71-FC666BBB92F5}.Win8.1 Debug|Any CPU.Build.0 = Debug|Any CPU
		{883FAD5D-458F-4F04-BE71-FC666BBB92F5}.Win8.1 Debug|x64.ActiveCfg = Debug|Any CPU
		{883FAD5D-458F-4F04-BE71-FC666BBB92F5}.Win8.1 Debug|x64.Build.0 = Debug|Any CPU
		{883FAD5D-458F-4F04-BE71-FC666BBB92F5}.Win8.1 Debug|x86.ActiveCfg = Debug|Any CPU
		{883FAD5D-458F-4F04-BE71-FC666BBB92F5}.Win8.1 Debug|x86.Build.0 = Debug|Any CPU
		{883FAD5D-458F-4F04-BE71-FC666BBB92F5}.Win8.1 Release|Any CPU.ActiveCfg = Release|Any CPU
		{883FAD5D-458F-4F04-BE71-FC666BBB92F5}.Win8.1 Release|Any CPU.Build.0 = Release|Any CPU
		{883FAD5D-458F-4F04-BE71-FC666BBB92F5}.Win8.1 Release|x64.ActiveCfg = Release|Any CPU
		{883FAD5D-458F-4F04-BE71-FC666BBB92F5}.Win8.1 Release|x64.Build.0 = Release|Any CPU
		{883FAD5D-458F-4F04-BE71-FC666BBB92F5}.Win8.1 Release|x86.ActiveCfg = Release|Any CPU
		{883FAD5D-458F-4F04-BE71-FC666BBB92F5}.Win8.1 Release|x86.Build.0 = Release|Any CPU
	EndGlobalSection
	GlobalSection(SolutionProperties) = preSolution
		HideSolutionNode = FALSE
	EndGlobalSection
	GlobalSection(NestedProjects) = preSolution
		{FDDD0AFB-A157-4C7F-8F6B-F2F6F3DD2DD4} = {FEF45D62-2D87-4D63-A351-366DA51F2A58}
		{650A7B71-C71B-4E1F-9B7D-611802DF8004} = {FEF45D62-2D87-4D63-A351-366DA51F2A58}
		{DE4E9AD1-1A3F-45D8-9C6C-61EC452C40C5} = {64B10788-A6A6-410D-810A-95314B582167}
		{2EA1344C-4E40-4431-B1D2-C9B7619B23C3} = {64B10788-A6A6-410D-810A-95314B582167}
		{B00358FD-F292-4ADD-9DC3-710703E75520} = {64B10788-A6A6-410D-810A-95314B582167}
		{2F59F1BE-D3C2-44D1-8279-FF677A96B8CC} = {64B10788-A6A6-410D-810A-95314B582167}
		{E4516DC0-CC61-4265-A8C9-0DD514104262} = {0CC59293-F387-4850-9939-B3920419095F}
		{883FAD5D-458F-4F04-BE71-FC666BBB92F5} = {4F5178AD-4D46-42F2-AAD2-7827FD70F8E6}
	EndGlobalSection
EndGlobal
